
Microsoft Visual Studio Solution File, Format Version 12.00
# Visual Studio Version 16
VisualStudioVersion = 16.0.31025.194
MinimumVisualStudioVersion = 10.0.40219.1
Project("{2150E333-8FDC-42A3-9474-1A3956D46DE8}") = "Entrega", "Entrega", "{C10C2F25-1F64-4078-8A1C-464FA7BD0662}"
EndProject
Project("{2150E333-8FDC-42A3-9474-1A3956D46DE8}") = "Catalogo", "Catalogo", "{43EC602C-E9C0-43D5-85FB-40ED39751BF4}"
EndProject
Project("{2150E333-8FDC-42A3-9474-1A3956D46DE8}") = "Vendas", "Vendas", "{CF07F8FF-6B14-4910-AFA4-103485740661}"
EndProject
Project("{2150E333-8FDC-42A3-9474-1A3956D46DE8}") = "Cadastro", "Cadastro", "{E7D1CC2F-5672-44F1-9B33-BD723F20B931}"
EndProject
Project("{2150E333-8FDC-42A3-9474-1A3956D46DE8}") = "src", "src", "{CD9C1486-18EC-46A0-B838-B1C24566C928}"
EndProject
Project("{2150E333-8FDC-42A3-9474-1A3956D46DE8}") = "test", "test", "{4DD5B2F1-207B-4599-8026-8DBFC4C405C4}"
EndProject
Project("{2150E333-8FDC-42A3-9474-1A3956D46DE8}") = "src", "src", "{FBFB2264-99A0-4100-AF65-667A03CBAA8B}"
EndProject
Project("{2150E333-8FDC-42A3-9474-1A3956D46DE8}") = "test", "test", "{318F81D2-3D32-4B5A-B555-9FC4127D91AA}"
EndProject
Project("{2150E333-8FDC-42A3-9474-1A3956D46DE8}") = "src", "src", "{B255F8E6-FE74-4196-ADA0-DB084D84901C}"
EndProject
Project("{2150E333-8FDC-42A3-9474-1A3956D46DE8}") = "test", "test", "{C1BC4FBE-7FED-4FA9-AEDC-3C23F91AB27B}"
EndProject
Project("{2150E333-8FDC-42A3-9474-1A3956D46DE8}") = "src", "src", "{0B465D90-ECA7-40CD-A8FB-FB873A5FB70F}"
EndProject
Project("{2150E333-8FDC-42A3-9474-1A3956D46DE8}") = "test", "test", "{2093E7B7-99A6-41E6-922F-C03E45421012}"
EndProject
Project("{2150E333-8FDC-42A3-9474-1A3956D46DE8}") = "1 - API", "1 - API", "{405BF9E9-00F8-430D-ABCB-B381966CDD3F}"
EndProject
Project("{2150E333-8FDC-42A3-9474-1A3956D46DE8}") = "2 - Domain", "2 - Domain", "{E87FD12F-F141-4E34-AC95-109A169C6192}"
EndProject
Project("{2150E333-8FDC-42A3-9474-1A3956D46DE8}") = "3 - Infra", "3 - Infra", "{828881C5-6A06-4E2F-B355-0EB0554D473F}"
EndProject
Project("{9A19103F-16F7-4668-BE54-9A1E7A4F7556}") = "JBTech.Cadastro.API", "Cadastro\src\JBTech.Cadastro.API\JBTech.Cadastro.API.csproj", "{DBA67BFA-BF59-40E8-9B59-ACC3E8E8758B}"
EndProject
Project("{9A19103F-16F7-4668-BE54-9A1E7A4F7556}") = "JBTech.Cadastro.Domain", "Cadastro\src\JBTech.Cadastro.Domain\JBTech.Cadastro.Domain.csproj", "{8929E99B-E811-49F0-9C9D-3F8EF941F0AD}"
EndProject
Project("{9A19103F-16F7-4668-BE54-9A1E7A4F7556}") = "JBTech.Cadastro.Infra", "Cadastro\src\JBTech.Cadastro.Infra\JBTech.Cadastro.Infra.csproj", "{9FCE7D50-D694-4749-9283-C7294E881129}"
EndProject
Project("{2150E333-8FDC-42A3-9474-1A3956D46DE8}") = "Core", "Core", "{F9C3580C-888D-4E50-8819-1FE58FD82C30}"
EndProject
Project("{9A19103F-16F7-4668-BE54-9A1E7A4F7556}") = "JBTech.Core", "Compartilhado\JBTech.Core\JBTech.Core.csproj", "{0B931343-9EEE-409E-9B86-4F08990EFCF3}"
EndProject
Project("{2150E333-8FDC-42A3-9474-1A3956D46DE8}") = "1 - API", "1 - API", "{4F4BB2B9-8A2A-4328-A2D9-F7E1BDD6E1EB}"
EndProject
Project("{2150E333-8FDC-42A3-9474-1A3956D46DE8}") = "2 - Infra", "2 - Infra", "{EC845D1E-D8F6-463A-ABF1-57958D84981E}"
EndProject
Project("{9A19103F-16F7-4668-BE54-9A1E7A4F7556}") = "JBTech.Catalogo.API", "Catalogo\src\JBTech.Catalogo.API\JBTech.Catalogo.API.csproj", "{56BD1732-0C01-45B1-8A74-E18D25310A8A}"
EndProject
Project("{9A19103F-16F7-4668-BE54-9A1E7A4F7556}") = "JBTech.Catalogo.Infra", "Catalogo\src\JBTech.Catalogo.Infra\JBTech.Catalogo.Infra.csproj", "{71452B6D-8D69-4B4B-86A1-E4E7C43ED2D9}"
EndProject
Project("{2150E333-8FDC-42A3-9474-1A3956D46DE8}") = "1 - API", "1 - API", "{8A4BA838-08B8-4E1F-9A58-2712F9069DC6}"
EndProject
Project("{2150E333-8FDC-42A3-9474-1A3956D46DE8}") = "2 - Domain", "2 - Domain", "{221B5310-CF73-40F9-9EA8-96632AE77013}"
EndProject
Project("{2150E333-8FDC-42A3-9474-1A3956D46DE8}") = "3 - Infra", "3 - Infra", "{D63D61C7-3BDB-4C23-B070-1592A96BACED}"
EndProject
Project("{9A19103F-16F7-4668-BE54-9A1E7A4F7556}") = "JBTech.Vendas.Domain", "Venda\src\JBTech.Venda.Domain\JBTech.Vendas.Domain.csproj", "{C8B4E0B6-057B-4A35-8C42-C42EA8A3A4A1}"
EndProject
Project("{9A19103F-16F7-4668-BE54-9A1E7A4F7556}") = "JBTech.Vendas.Infra", "Venda\src\JBTech.Venda.Infra\JBTech.Vendas.Infra.csproj", "{CD0F9BE5-2477-4837-9730-221E7F5AD3FC}"
EndProject
Project("{9A19103F-16F7-4668-BE54-9A1E7A4F7556}") = "JBTech.Vendas.API", "Venda\src\JBTech.Venda.API\JBTech.Vendas.API.csproj", "{5A3192B1-DC62-4B5E-ACD3-AC491914CDB7}"
EndProject
Global
	GlobalSection(SolutionConfigurationPlatforms) = preSolution
		Debug|Any CPU = Debug|Any CPU
		Release|Any CPU = Release|Any CPU
	EndGlobalSection
	GlobalSection(ProjectConfigurationPlatforms) = postSolution
		{DBA67BFA-BF59-40E8-9B59-ACC3E8E8758B}.Debug|Any CPU.ActiveCfg = Debug|Any CPU
		{DBA67BFA-BF59-40E8-9B59-ACC3E8E8758B}.Debug|Any CPU.Build.0 = Debug|Any CPU
		{DBA67BFA-BF59-40E8-9B59-ACC3E8E8758B}.Release|Any CPU.ActiveCfg = Release|Any CPU
		{DBA67BFA-BF59-40E8-9B59-ACC3E8E8758B}.Release|Any CPU.Build.0 = Release|Any CPU
		{8929E99B-E811-49F0-9C9D-3F8EF941F0AD}.Debug|Any CPU.ActiveCfg = Debug|Any CPU
		{8929E99B-E811-49F0-9C9D-3F8EF941F0AD}.Debug|Any CPU.Build.0 = Debug|Any CPU
		{8929E99B-E811-49F0-9C9D-3F8EF941F0AD}.Release|Any CPU.ActiveCfg = Release|Any CPU
		{8929E99B-E811-49F0-9C9D-3F8EF941F0AD}.Release|Any CPU.Build.0 = Release|Any CPU
		{9FCE7D50-D694-4749-9283-C7294E881129}.Debug|Any CPU.ActiveCfg = Debug|Any CPU
		{9FCE7D50-D694-4749-9283-C7294E881129}.Debug|Any CPU.Build.0 = Debug|Any CPU
		{9FCE7D50-D694-4749-9283-C7294E881129}.Release|Any CPU.ActiveCfg = Release|Any CPU
		{9FCE7D50-D694-4749-9283-C7294E881129}.Release|Any CPU.Build.0 = Release|Any CPU
		{0B931343-9EEE-409E-9B86-4F08990EFCF3}.Debug|Any CPU.ActiveCfg = Debug|Any CPU
		{0B931343-9EEE-409E-9B86-4F08990EFCF3}.Debug|Any CPU.Build.0 = Debug|Any CPU
		{0B931343-9EEE-409E-9B86-4F08990EFCF3}.Release|Any CPU.ActiveCfg = Release|Any CPU
		{0B931343-9EEE-409E-9B86-4F08990EFCF3}.Release|Any CPU.Build.0 = Release|Any CPU
		{56BD1732-0C01-45B1-8A74-E18D25310A8A}.Debug|Any CPU.ActiveCfg = Debug|Any CPU
		{56BD1732-0C01-45B1-8A74-E18D25310A8A}.Debug|Any CPU.Build.0 = Debug|Any CPU
		{56BD1732-0C01-45B1-8A74-E18D25310A8A}.Release|Any CPU.ActiveCfg = Release|Any CPU
		{56BD1732-0C01-45B1-8A74-E18D25310A8A}.Release|Any CPU.Build.0 = Release|Any CPU
		{71452B6D-8D69-4B4B-86A1-E4E7C43ED2D9}.Debug|Any CPU.ActiveCfg = Debug|Any CPU
		{71452B6D-8D69-4B4B-86A1-E4E7C43ED2D9}.Debug|Any CPU.Build.0 = Debug|Any CPU
		{71452B6D-8D69-4B4B-86A1-E4E7C43ED2D9}.Release|Any CPU.ActiveCfg = Release|Any CPU
		{71452B6D-8D69-4B4B-86A1-E4E7C43ED2D9}.Release|Any CPU.Build.0 = Release|Any CPU
		{C8B4E0B6-057B-4A35-8C42-C42EA8A3A4A1}.Debug|Any CPU.ActiveCfg = Debug|Any CPU
		{C8B4E0B6-057B-4A35-8C42-C42EA8A3A4A1}.Debug|Any CPU.Build.0 = Debug|Any CPU
		{C8B4E0B6-057B-4A35-8C42-C42EA8A3A4A1}.Release|Any CPU.ActiveCfg = Release|Any CPU
		{C8B4E0B6-057B-4A35-8C42-C42EA8A3A4A1}.Release|Any CPU.Build.0 = Release|Any CPU
		{CD0F9BE5-2477-4837-9730-221E7F5AD3FC}.Debug|Any CPU.ActiveCfg = Debug|Any CPU
		{CD0F9BE5-2477-4837-9730-221E7F5AD3FC}.Debug|Any CPU.Build.0 = Debug|Any CPU
		{CD0F9BE5-2477-4837-9730-221E7F5AD3FC}.Release|Any CPU.ActiveCfg = Release|Any CPU
		{CD0F9BE5-2477-4837-9730-221E7F5AD3FC}.Release|Any CPU.Build.0 = Release|Any CPU
		{5A3192B1-DC62-4B5E-ACD3-AC491914CDB7}.Debug|Any CPU.ActiveCfg = Debug|Any CPU
		{5A3192B1-DC62-4B5E-ACD3-AC491914CDB7}.Debug|Any CPU.Build.0 = Debug|Any CPU
		{5A3192B1-DC62-4B5E-ACD3-AC491914CDB7}.Release|Any CPU.ActiveCfg = Release|Any CPU
		{5A3192B1-DC62-4B5E-ACD3-AC491914CDB7}.Release|Any CPU.Build.0 = Release|Any CPU
	EndGlobalSection
	GlobalSection(SolutionProperties) = preSolution
		HideSolutionNode = FALSE
	EndGlobalSection
	GlobalSection(NestedProjects) = preSolution
		{CD9C1486-18EC-46A0-B838-B1C24566C928} = {E7D1CC2F-5672-44F1-9B33-BD723F20B931}
		{4DD5B2F1-207B-4599-8026-8DBFC4C405C4} = {E7D1CC2F-5672-44F1-9B33-BD723F20B931}
		{FBFB2264-99A0-4100-AF65-667A03CBAA8B} = {C10C2F25-1F64-4078-8A1C-464FA7BD0662}
		{318F81D2-3D32-4B5A-B555-9FC4127D91AA} = {C10C2F25-1F64-4078-8A1C-464FA7BD0662}
		{B255F8E6-FE74-4196-ADA0-DB084D84901C} = {CF07F8FF-6B14-4910-AFA4-103485740661}
		{C1BC4FBE-7FED-4FA9-AEDC-3C23F91AB27B} = {CF07F8FF-6B14-4910-AFA4-103485740661}
		{0B465D90-ECA7-40CD-A8FB-FB873A5FB70F} = {43EC602C-E9C0-43D5-85FB-40ED39751BF4}
		{2093E7B7-99A6-41E6-922F-C03E45421012} = {43EC602C-E9C0-43D5-85FB-40ED39751BF4}
		{405BF9E9-00F8-430D-ABCB-B381966CDD3F} = {CD9C1486-18EC-46A0-B838-B1C24566C928}
		{E87FD12F-F141-4E34-AC95-109A169C6192} = {CD9C1486-18EC-46A0-B838-B1C24566C928}
		{828881C5-6A06-4E2F-B355-0EB0554D473F} = {CD9C1486-18EC-46A0-B838-B1C24566C928}
		{DBA67BFA-BF59-40E8-9B59-ACC3E8E8758B} = {405BF9E9-00F8-430D-ABCB-B381966CDD3F}
		{8929E99B-E811-49F0-9C9D-3F8EF941F0AD} = {E87FD12F-F141-4E34-AC95-109A169C6192}
		{9FCE7D50-D694-4749-9283-C7294E881129} = {828881C5-6A06-4E2F-B355-0EB0554D473F}
		{0B931343-9EEE-409E-9B86-4F08990EFCF3} = {F9C3580C-888D-4E50-8819-1FE58FD82C30}
		{4F4BB2B9-8A2A-4328-A2D9-F7E1BDD6E1EB} = {0B465D90-ECA7-40CD-A8FB-FB873A5FB70F}
		{EC845D1E-D8F6-463A-ABF1-57958D84981E} = {0B465D90-ECA7-40CD-A8FB-FB873A5FB70F}
		{56BD1732-0C01-45B1-8A74-E18D25310A8A} = {4F4BB2B9-8A2A-4328-A2D9-F7E1BDD6E1EB}
		{71452B6D-8D69-4B4B-86A1-E4E7C43ED2D9} = {EC845D1E-D8F6-463A-ABF1-57958D84981E}
		{8A4BA838-08B8-4E1F-9A58-2712F9069DC6} = {B255F8E6-FE74-4196-ADA0-DB084D84901C}
		{221B5310-CF73-40F9-9EA8-96632AE77013} = {B255F8E6-FE74-4196-ADA0-DB084D84901C}
		{D63D61C7-3BDB-4C23-B070-1592A96BACED} = {B255F8E6-FE74-4196-ADA0-DB084D84901C}
		{C8B4E0B6-057B-4A35-8C42-C42EA8A3A4A1} = {221B5310-CF73-40F9-9EA8-96632AE77013}
		{CD0F9BE5-2477-4837-9730-221E7F5AD3FC} = {D63D61C7-3BDB-4C23-B070-1592A96BACED}
		{5A3192B1-DC62-4B5E-ACD3-AC491914CDB7} = {8A4BA838-08B8-4E1F-9A58-2712F9069DC6}
	EndGlobalSection
	GlobalSection(ExtensibilityGlobals) = postSolution
		SolutionGuid = {C1A68F93-C8D3-442E-A098-F33978166398}
	EndGlobalSection
EndGlobal
